<?xml version="1.0" encoding="UTF-8"?>
<Scheme
   LastUpgradeVersion = "1320"
   version = "1.3">
   <BuildAction
      parallelizeBuildables = "YES"
      buildImplicitDependencies = "YES">
      <BuildActionEntries>
         <BuildActionEntry
            buildForTesting = "YES"
            buildForRunning = "YES"
            buildForProfiling = "YES"
            buildForArchiving = "YES"
            buildForAnalyzing = "YES">
            <BuildableReference
               BuildableIdentifier = "primary"
               BlueprintIdentifier = "B9B44DBC1D8F65CD00782398"
               BuildableName = "llpeak"
               BlueprintName = "llpeak"
               ReferencedContainer = "container:llpeak.xcodeproj">
            </BuildableReference>
         </BuildActionEntry>
      </BuildActionEntries>
   </BuildAction>
   <TestAction
      buildConfiguration = "Debug"
      selectedDebuggerIdentifier = "Xcode.DebuggerFoundation.Debugger.LLDB"
      selectedLauncherIdentifier = "Xcode.DebuggerFoundation.Launcher.LLDB"
      shouldUseLaunchSchemeArgsEnv = "YES">
      <Testables>
      </Testables>
   </TestAction>
   <LaunchAction
      buildConfiguration = "Debug"
      selectedDebuggerIdentifier = "Xcode.DebuggerFoundation.Debugger.LLDB"
      selectedLauncherIdentifier = "Xcode.DebuggerFoundation.Launcher.LLDB"
      launchStyle = "0"
      useCustomWorkingDirectory = "YES"
      customWorkingDirectory = "/Users/ldennis/projects/projects-xcode/_ll/llpeak"
      ignoresPersistentStateOnLaunch = "NO"
      debugDocumentVersioning = "YES"
      debugServiceExtension = "internal"
      allowLocationSimulation = "YES">
      <BuildableProductRunnable
         runnableDebuggingMode = "0">
         <BuildableReference
            BuildableIdentifier = "primary"
            BlueprintIdentifier = "B9B44DBC1D8F65CD00782398"
            BuildableName = "llpeak"
            BlueprintName = "llpeak"
            ReferencedContainer = "container:llpeak.xcodeproj">
         </BuildableReference>
      </BuildableProductRunnable>
      <CommandLineArguments>
         <CommandLineArgument
            argument = "-dump"
            isEnabled = "NO">
         </CommandLineArgument>
         <CommandLineArgument
            argument = "-color"
            isEnabled = "NO">
         </CommandLineArgument>
         <CommandLineArgument
            argument = "-toGray"
            isEnabled = "NO">
         </CommandLineArgument>
         <CommandLineArgument
            argument = "-blend"
            isEnabled = "NO">
         </CommandLineArgument>
         <CommandLineArgument
            argument = "-shade3"
            isEnabled = "YES">
         </CommandLineArgument>
         <CommandLineArgument
            argument = "-blur"
            isEnabled = "NO">
         </CommandLineArgument>
         <CommandLineArgument
            argument = "-verbose"
            isEnabled = "YES">
         </CommandLineArgument>
         <CommandLineArgument
            argument = "-config"
            isEnabled = "YES">
         </CommandLineArgument>
         <CommandLineArgument
            argument = "~/patent-2021/cfg/v2/radar-palette.json"
            isEnabled = "NO">
         </CommandLineArgument>
         <CommandLineArgument
            argument = "~/patent-2021/cfg/v2/sat-palette.json"
            isEnabled = "NO">
         </CommandLineArgument>
         <CommandLineArgument
            argument = "~/patent-2021/cfg/v2/temperature-palette.json"
            isEnabled = "YES">
         </CommandLineArgument>
         <CommandLineArgument
            argument = "~/patent-2021/data/ped1-palette.json"
            isEnabled = "NO">
         </CommandLineArgument>
         <CommandLineArgument
            argument = "~/patent-2021/data/windspeed-palette.json"
            isEnabled = "NO">
         </CommandLineArgument>
         <CommandLineArgument
            argument = "-config=/Users/ldennis/patent-2021/data/temperature-palette.json"
            isEnabled = "NO">
         </CommandLineArgument>
         <CommandLineArgument
            argument = "-output=test/"
            isEnabled = "YES">
         </CommandLineArgument>
         <CommandLineArgument
            argument = " /Users/ldennis/patent-2021/data/ttest/temp_2021_03_21__17_50.png"
            isEnabled = "NO">
         </CommandLineArgument>
         <CommandLineArgument
            argument = " /Users/ldennis/patent-2021/data/temp/temp_2021_03_16__16_50.png"
            isEnabled = "YES">
         </CommandLineArgument>
         <CommandLineArgument
            argument = "/Users/ldennis/patent-2021/data/ttest/"
            isEnabled = "NO">
         </CommandLineArgument>
         <CommandLineArgument
            argument = "/Users/ldennis/patent-2021/data/sat/sat_2022_01_14__00_00.png"
            isEnabled = "NO">
         </CommandLineArgument>
         <CommandLineArgument
            argument = "/Users/ldennis/patent-2021/data/temp/"
            isEnabled = "NO">
         </CommandLineArgument>
         <CommandLineArgument
            argument = "/Users/ldennis/patent-2021/data/rtest/"
            isEnabled = "NO">
         </CommandLineArgument>
         <CommandLineArgument
            argument = "/Users/ldennis/patent-2021/data/radar/2021_07/17-23/"
            isEnabled = "NO">
         </CommandLineArgument>
         <CommandLineArgument
            argument = "/Users/ldennis/patent-2021/data/radar/2021_07/17-23/radar_2021_07_18__00_00.png"
            isEnabled = "NO">
         </CommandLineArgument>
         <CommandLineArgument
            argument = "/Users/ldennis/patent-2021/data/radar/2021_07/02-12/"
            isEnabled = "NO">
         </CommandLineArgument>
         <CommandLineArgument
            argument = "/Users/ldennis/patent-2021/data/tiles/7_54_29.png"
            isEnabled = "NO">
         </CommandLineArgument>
         <CommandLineArgument
            argument = "/Users/ldennis/patent-2021/data/pedestrian1/ped-0600.png"
            isEnabled = "NO">
         </CommandLineArgument>
         <CommandLineArgument
            argument = "/Users/ldennis/patent-2021/data/pedestrian1/"
            isEnabled = "NO">
         </CommandLineArgument>
      </CommandLineArguments>
   </LaunchAction>
   <ProfileAction
      buildConfiguration = "Release"
      shouldUseLaunchSchemeArgsEnv = "YES"
      savedToolIdentifier = ""
      useCustomWorkingDirectory = "NO"
      debugDocumentVersioning = "YES">
      <BuildableProductRunnable
         runnableDebuggingMode = "0">
         <BuildableReference
            BuildableIdentifier = "primary"
            BlueprintIdentifier = "B9B44DBC1D8F65CD00782398"
            BuildableName = "llpeak"
            BlueprintName = "llpeak"
            ReferencedContainer = "container:llpeak.xcodeproj">
         </BuildableReference>
      </BuildableProductRunnable>
   </ProfileAction>
   <AnalyzeAction
      buildConfiguration = "Debug">
   </AnalyzeAction>
   <ArchiveAction
      buildConfiguration = "Release"
      revealArchiveInOrganizer = "YES">
   </ArchiveAction>
</Scheme>
